
Microsoft Visual Studio Solution File, Format Version 12.00
# Visual Studio 15
VisualStudioVersion = 15.0.26403.7
MinimumVisualStudioVersion = 10.0.40219.1
Project("{FAE04EC0-301F-11D3-BF4B-00C04F79EFBC}") = "Sharpderslerimiz", "Sharpderslerimiz\Sharpderslerimiz.csproj", "{C385622F-7C3D-4433-B7C0-2B75FBDB478D}"
EndProject
Global
	GlobalSection(SolutionConfigurationPlatforms) = preSolution
		Debug|Any CPU = Debug|Any CPU
		Release|Any CPU = Release|Any CPU
	EndGlobalSection
	GlobalSection(ProjectConfigurationPlatforms) = postSolution
		{C385622F-7C3D-4433-B7C0-2B75FBDB478D}.Debug|Any CPU.ActiveCfg = Debug|Any CPU
		{C385622F-7C3D-4433-B7C0-2B75FBDB478D}.Debug|Any CPU.Build.0 = Debug|Any CPU
		{C385622F-7C3D-4433-B7C0-2B75FBDB478D}.Release|Any CPU.ActiveCfg = Release|Any CPU
		{C385622F-7C3D-4433-B7C0-2B75FBDB478D}.Release|Any CPU.Build.0 = Release|Any CPU
	EndGlobalSection
	GlobalSection(SolutionProperties) = preSolution
		HideSolutionNode = FALSE
	EndGlobalSection
EndGlobal
